
Microsoft Visual Studio Solution File, Format Version 12.00
# Visual Studio Version 16
VisualStudioVersion = 16.0.31829.152
MinimumVisualStudioVersion = 10.0.40219.1
Project("{FAE04EC0-301F-11D3-BF4B-00C04F79EFBC}") = "WebApplication3", "WebApplication3\WebApplication3.csproj", "{D0D5DCCA-2EAB-4FA6-87B2-B0D8E78456DF}"
EndProject
Global
	GlobalSection(SolutionConfigurationPlatforms) = preSolution
		Debug|Any CPU = Debug|Any CPU
		Release|Any CPU = Release|Any CPU
	EndGlobalSection
	GlobalSection(ProjectConfigurationPlatforms) = postSolution
		{D0D5DCCA-2EAB-4FA6-87B2-B0D8E78456DF}.Debug|Any CPU.ActiveCfg = Debug|Any CPU
		{D0D5DCCA-2EAB-4FA6-87B2-B0D8E78456DF}.Debug|Any CPU.Build.0 = Debug|Any CPU
		{D0D5DCCA-2EAB-4FA6-87B2-B0D8E78456DF}.Release|Any CPU.ActiveCfg = Release|Any CPU
		{D0D5DCCA-2EAB-4FA6-87B2-B0D8E78456DF}.Release|Any CPU.Build.0 = Release|Any CPU
	EndGlobalSection
	GlobalSection(SolutionProperties) = preSolution
		HideSolutionNode = FALSE
	EndGlobalSection
	GlobalSection(ExtensibilityGlobals) = postSolution
		SolutionGuid = {D5D3A944-D0BB-41D6-9295-DB18DCEC7EBF}
	EndGlobalSection
EndGlobal
